// !$*UTF8*$!
{
	archiveVersion = 1;
	classes = {
	};
	objectVersion = 56;
	objects = {

/* Begin PBXBuildFile section */
		17B7AC042E23B38A009F1F25 /* AppDelegate.swift in Sources */ = {isa = PBXBuildFile; fileRef = 17B7AC032E23B38A009F1F25 /* AppDelegate.swift */; };
		17B7AC062E23B38A009F1F25 /* SceneDelegate.swift in Sources */ = {isa = PBXBuildFile; fileRef = 17B7AC052E23B38A009F1F25 /* SceneDelegate.swift */; };
		17B7AC082E23B38A009F1F25 /* MagazineViewController.swift in Sources */ = {isa = PBXBuildFile; fileRef = 17B7AC072E23B38A009F1F25 /* MagazineViewController.swift */; };
		17B7AC0B2E23B38A009F1F25 /* Base in Resources */ = {isa = PBXBuildFile; fileRef = 17B7AC0A2E23B38A009F1F25 /* Base */; };
		17B7AC0D2E23B38B009F1F25 /* Assets.xcassets in Resources */ = {isa = PBXBuildFile; fileRef = 17B7AC0C2E23B38B009F1F25 /* Assets.xcassets */; };
		17B7AC102E23B38B009F1F25 /* Base in Resources */ = {isa = PBXBuildFile; fileRef = 17B7AC0F2E23B38B009F1F25 /* Base */; };
		17B7AC1E2E23B4BA009F1F25 /* MagazinInfo.swift in Sources */ = {isa = PBXBuildFile; fileRef = 17B7AC1D2E23B4BA009F1F25 /* MagazinInfo.swift */; };
		17B7AC212E23B53D009F1F25 /* DateFommater.swift in Sources */ = {isa = PBXBuildFile; fileRef = 17B7AC202E23B53D009F1F25 /* DateFommater.swift */; };
		17B7AC252E23B9AE009F1F25 /* MagazineCell.xib in Resources */ = {isa = PBXBuildFile; fileRef = 17B7AC242E23B9AE009F1F25 /* MagazineCell.xib */; };
		17B7AC292E23BB6D009F1F25 /* MagazineCell.swift in Sources */ = {isa = PBXBuildFile; fileRef = 17B7AC282E23BB6D009F1F25 /* MagazineCell.swift */; };
		17B7AC2B2E23BB8C009F1F25 /* CellIdentifialble.swift in Sources */ = {isa = PBXBuildFile; fileRef = 17B7AC2A2E23BB8C009F1F25 /* CellIdentifialble.swift */; };
		17B7AC2E2E23BE2E009F1F25 /* Kingfisher in Frameworks */ = {isa = PBXBuildFile; productRef = 17B7AC2D2E23BE2E009F1F25 /* Kingfisher */; };
		17B7AC302E23C172009F1F25 /* TravelInfo.swift in Sources */ = {isa = PBXBuildFile; fileRef = 17B7AC2F2E23C172009F1F25 /* TravelInfo.swift */; };
		17B7AC322E23C293009F1F25 /* TravelCell.xib in Resources */ = {isa = PBXBuildFile; fileRef = 17B7AC312E23C293009F1F25 /* TravelCell.xib */; };
		17B7AC352E23C573009F1F25 /* StarView.swift in Sources */ = {isa = PBXBuildFile; fileRef = 17B7AC342E23C573009F1F25 /* StarView.swift */; };
		17B7AC372E23C6B8009F1F25 /* TravelViewController.swift in Sources */ = {isa = PBXBuildFile; fileRef = 17B7AC362E23C6B8009F1F25 /* TravelViewController.swift */; };
		17B7AC392E23C7E6009F1F25 /* TravelCell.swift in Sources */ = {isa = PBXBuildFile; fileRef = 17B7AC382E23C7E6009F1F25 /* TravelCell.swift */; };
		17B7AC3B2E23D935009F1F25 /* RatingView.swift in Sources */ = {isa = PBXBuildFile; fileRef = 17B7AC3A2E23D935009F1F25 /* RatingView.swift */; };
		17BBA2D82E23F16B0062A41C /* AdCell.xib in Resources */ = {isa = PBXBuildFile; fileRef = 17BBA2D72E23F16B0062A41C /* AdCell.xib */; };
		17BBA2DA2E23F2270062A41C /* AdCell.swift in Sources */ = {isa = PBXBuildFile; fileRef = 17BBA2D92E23F2270062A41C /* AdCell.swift */; };
		17BBA2DE2E24060A0062A41C /* ThreeSixNineViewController.swift in Sources */ = {isa = PBXBuildFile; fileRef = 17BBA2DD2E24060A0062A41C /* ThreeSixNineViewController.swift */; };
		17BBA2E02E240D3F0062A41C /* DigitFormatter.swift in Sources */ = {isa = PBXBuildFile; fileRef = 17BBA2DF2E240D3F0062A41C /* DigitFormatter.swift */; };
		17BBA2E22E2410F70062A41C /* ShoppingListCell.xib in Resources */ = {isa = PBXBuildFile; fileRef = 17BBA2E12E2410F70062A41C /* ShoppingListCell.xib */; };
		17BBA2E42E2411070062A41C /* AddPurcasedCell.xib in Resources */ = {isa = PBXBuildFile; fileRef = 17BBA2E32E2411070062A41C /* AddPurcasedCell.xib */; };
		17BBA2E82E24112A0062A41C /* ShoppingViewController.swift in Sources */ = {isa = PBXBuildFile; fileRef = 17BBA2E72E24112A0062A41C /* ShoppingViewController.swift */; };
		17BBA2EA2E2411370062A41C /* AddPurchasedCell.swift in Sources */ = {isa = PBXBuildFile; fileRef = 17BBA2E92E2411370062A41C /* AddPurchasedCell.swift */; };
		17BBA2EC2E24113C0062A41C /* ShoppingListCell.swift in Sources */ = {isa = PBXBuildFile; fileRef = 17BBA2EB2E24113C0062A41C /* ShoppingListCell.swift */; };
		17BBA2EE2E2412570062A41C /* ImageGen.swift in Sources */ = {isa = PBXBuildFile; fileRef = 17BBA2ED2E2412570062A41C /* ImageGen.swift */; };
		17F79F4C2E262B8B00A72E19 /* CityInfo.swift in Sources */ = {isa = PBXBuildFile; fileRef = 17F79F4B2E262B8B00A72E19 /* CityInfo.swift */; };
		17F79F4E2E262FF800A72E19 /* TouristAttractionViewController.swift in Sources */ = {isa = PBXBuildFile; fileRef = 17F79F4D2E262FF800A72E19 /* TouristAttractionViewController.swift */; };
		17F79F502E2632D000A72E19 /* AdViewController.swift in Sources */ = {isa = PBXBuildFile; fileRef = 17F79F4F2E2632D000A72E19 /* AdViewController.swift */; };
		17F79F562E2636B700A72E19 /* TravelCitySearchViewController.swift in Sources */ = {isa = PBXBuildFile; fileRef = 17F79F542E2636B700A72E19 /* TravelCitySearchViewController.swift */; };
		17F79F582E2637D900A72E19 /* CitySearchHeaderView.swift in Sources */ = {isa = PBXBuildFile; fileRef = 17F79F572E2637D900A72E19 /* CitySearchHeaderView.swift */; };
		17F79F5A2E2637E200A72E19 /* SearchField.swift in Sources */ = {isa = PBXBuildFile; fileRef = 17F79F592E2637E200A72E19 /* SearchField.swift */; };
		17F79F5E2E263B9500A72E19 /* CitySearchHeaderView.xib in Resources */ = {isa = PBXBuildFile; fileRef = 17F79F5D2E263B9500A72E19 /* CitySearchHeaderView.xib */; };
		17F79F602E263E9800A72E19 /* CityCell.xib in Resources */ = {isa = PBXBuildFile; fileRef = 17F79F5F2E263E9800A72E19 /* CityCell.xib */; };
		17F79F622E26404600A72E19 /* CityCell.swift in Sources */ = {isa = PBXBuildFile; fileRef = 17F79F612E26404600A72E19 /* CityCell.swift */; };
		17F79F642E2656B200A72E19 /* CALayer+extension.swift in Sources */ = {isa = PBXBuildFile; fileRef = 17F79F632E2656B200A72E19 /* CALayer+extension.swift */; };
		17F79F662E26728B00A72E19 /* UIControl+extension.swift in Sources */ = {isa = PBXBuildFile; fileRef = 17F79F652E26728B00A72E19 /* UIControl+extension.swift */; };
		17F79F682E267BCE00A72E19 /* String+extension.swift in Sources */ = {isa = PBXBuildFile; fileRef = 17F79F672E267BCE00A72E19 /* String+extension.swift */; };
/* End PBXBuildFile section */

/* Begin PBXFileReference section */
		17B7AC002E23B38A009F1F25 /* TravelProject.app */ = {isa = PBXFileReference; explicitFileType = wrapper.application; includeInIndex = 0; path = TravelProject.app; sourceTree = BUILT_PRODUCTS_DIR; };
		17B7AC032E23B38A009F1F25 /* AppDelegate.swift */ = {isa = PBXFileReference; lastKnownFileType = sourcecode.swift; path = AppDelegate.swift; sourceTree = "<group>"; };
		17B7AC052E23B38A009F1F25 /* SceneDelegate.swift */ = {isa = PBXFileReference; lastKnownFileType = sourcecode.swift; path = SceneDelegate.swift; sourceTree = "<group>"; };
		17B7AC072E23B38A009F1F25 /* MagazineViewController.swift */ = {isa = PBXFileReference; lastKnownFileType = sourcecode.swift; path = MagazineViewController.swift; sourceTree = "<group>"; };
		17B7AC0A2E23B38A009F1F25 /* Base */ = {isa = PBXFileReference; lastKnownFileType = file.storyboard; name = Base; path = Base.lproj/Main.storyboard; sourceTree = "<group>"; };
		17B7AC0C2E23B38B009F1F25 /* Assets.xcassets */ = {isa = PBXFileReference; lastKnownFileType = folder.assetcatalog; path = Assets.xcassets; sourceTree = "<group>"; };
		17B7AC0F2E23B38B009F1F25 /* Base */ = {isa = PBXFileReference; lastKnownFileType = file.storyboard; name = Base; path = Base.lproj/LaunchScreen.storyboard; sourceTree = "<group>"; };
		17B7AC112E23B38B009F1F25 /* Info.plist */ = {isa = PBXFileReference; lastKnownFileType = text.plist.xml; path = Info.plist; sourceTree = "<group>"; };
		17B7AC1D2E23B4BA009F1F25 /* MagazinInfo.swift */ = {isa = PBXFileReference; lastKnownFileType = sourcecode.swift; path = MagazinInfo.swift; sourceTree = "<group>"; };
		17B7AC202E23B53D009F1F25 /* DateFommater.swift */ = {isa = PBXFileReference; lastKnownFileType = sourcecode.swift; path = DateFommater.swift; sourceTree = "<group>"; };
		17B7AC242E23B9AE009F1F25 /* MagazineCell.xib */ = {isa = PBXFileReference; lastKnownFileType = file.xib; path = MagazineCell.xib; sourceTree = "<group>"; };
		17B7AC282E23BB6D009F1F25 /* MagazineCell.swift */ = {isa = PBXFileReference; lastKnownFileType = sourcecode.swift; path = MagazineCell.swift; sourceTree = "<group>"; };
		17B7AC2A2E23BB8C009F1F25 /* CellIdentifialble.swift */ = {isa = PBXFileReference; lastKnownFileType = sourcecode.swift; path = CellIdentifialble.swift; sourceTree = "<group>"; };
		17B7AC2F2E23C172009F1F25 /* TravelInfo.swift */ = {isa = PBXFileReference; lastKnownFileType = sourcecode.swift; path = TravelInfo.swift; sourceTree = "<group>"; };
		17B7AC312E23C293009F1F25 /* TravelCell.xib */ = {isa = PBXFileReference; lastKnownFileType = file.xib; path = TravelCell.xib; sourceTree = "<group>"; };
		17B7AC342E23C573009F1F25 /* StarView.swift */ = {isa = PBXFileReference; lastKnownFileType = sourcecode.swift; path = StarView.swift; sourceTree = "<group>"; };
		17B7AC362E23C6B8009F1F25 /* TravelViewController.swift */ = {isa = PBXFileReference; lastKnownFileType = sourcecode.swift; path = TravelViewController.swift; sourceTree = "<group>"; };
		17B7AC382E23C7E6009F1F25 /* TravelCell.swift */ = {isa = PBXFileReference; lastKnownFileType = sourcecode.swift; path = TravelCell.swift; sourceTree = "<group>"; };
		17B7AC3A2E23D935009F1F25 /* RatingView.swift */ = {isa = PBXFileReference; lastKnownFileType = sourcecode.swift; path = RatingView.swift; sourceTree = "<group>"; };
		17BBA2D72E23F16B0062A41C /* AdCell.xib */ = {isa = PBXFileReference; lastKnownFileType = file.xib; path = AdCell.xib; sourceTree = "<group>"; };
		17BBA2D92E23F2270062A41C /* AdCell.swift */ = {isa = PBXFileReference; lastKnownFileType = sourcecode.swift; path = AdCell.swift; sourceTree = "<group>"; };
		17BBA2DD2E24060A0062A41C /* ThreeSixNineViewController.swift */ = {isa = PBXFileReference; lastKnownFileType = sourcecode.swift; path = ThreeSixNineViewController.swift; sourceTree = "<group>"; };
		17BBA2DF2E240D3F0062A41C /* DigitFormatter.swift */ = {isa = PBXFileReference; lastKnownFileType = sourcecode.swift; path = DigitFormatter.swift; sourceTree = "<group>"; };
		17BBA2E12E2410F70062A41C /* ShoppingListCell.xib */ = {isa = PBXFileReference; lastKnownFileType = file.xib; path = ShoppingListCell.xib; sourceTree = "<group>"; };
		17BBA2E32E2411070062A41C /* AddPurcasedCell.xib */ = {isa = PBXFileReference; lastKnownFileType = file.xib; path = AddPurcasedCell.xib; sourceTree = "<group>"; };
		17BBA2E72E24112A0062A41C /* ShoppingViewController.swift */ = {isa = PBXFileReference; lastKnownFileType = sourcecode.swift; path = ShoppingViewController.swift; sourceTree = "<group>"; };
		17BBA2E92E2411370062A41C /* AddPurchasedCell.swift */ = {isa = PBXFileReference; lastKnownFileType = sourcecode.swift; path = AddPurchasedCell.swift; sourceTree = "<group>"; };
		17BBA2EB2E24113C0062A41C /* ShoppingListCell.swift */ = {isa = PBXFileReference; lastKnownFileType = sourcecode.swift; path = ShoppingListCell.swift; sourceTree = "<group>"; };
		17BBA2ED2E2412570062A41C /* ImageGen.swift */ = {isa = PBXFileReference; lastKnownFileType = sourcecode.swift; path = ImageGen.swift; sourceTree = "<group>"; };
		17F79F4B2E262B8B00A72E19 /* CityInfo.swift */ = {isa = PBXFileReference; lastKnownFileType = sourcecode.swift; path = CityInfo.swift; sourceTree = "<group>"; };
		17F79F4D2E262FF800A72E19 /* TouristAttractionViewController.swift */ = {isa = PBXFileReference; lastKnownFileType = sourcecode.swift; path = TouristAttractionViewController.swift; sourceTree = "<group>"; };
		17F79F4F2E2632D000A72E19 /* AdViewController.swift */ = {isa = PBXFileReference; lastKnownFileType = sourcecode.swift; path = AdViewController.swift; sourceTree = "<group>"; };
		17F79F542E2636B700A72E19 /* TravelCitySearchViewController.swift */ = {isa = PBXFileReference; lastKnownFileType = sourcecode.swift; path = TravelCitySearchViewController.swift; sourceTree = "<group>"; };
		17F79F572E2637D900A72E19 /* CitySearchHeaderView.swift */ = {isa = PBXFileReference; lastKnownFileType = sourcecode.swift; path = CitySearchHeaderView.swift; sourceTree = "<group>"; };
		17F79F592E2637E200A72E19 /* SearchField.swift */ = {isa = PBXFileReference; lastKnownFileType = sourcecode.swift; path = SearchField.swift; sourceTree = "<group>"; };
		17F79F5D2E263B9500A72E19 /* CitySearchHeaderView.xib */ = {isa = PBXFileReference; lastKnownFileType = file.xib; path = CitySearchHeaderView.xib; sourceTree = "<group>"; };
		17F79F5F2E263E9800A72E19 /* CityCell.xib */ = {isa = PBXFileReference; lastKnownFileType = file.xib; path = CityCell.xib; sourceTree = "<group>"; };
		17F79F612E26404600A72E19 /* CityCell.swift */ = {isa = PBXFileReference; lastKnownFileType = sourcecode.swift; path = CityCell.swift; sourceTree = "<group>"; };
		17F79F632E2656B200A72E19 /* CALayer+extension.swift */ = {isa = PBXFileReference; lastKnownFileType = sourcecode.swift; path = "CALayer+extension.swift"; sourceTree = "<group>"; };
		17F79F652E26728B00A72E19 /* UIControl+extension.swift */ = {isa = PBXFileReference; lastKnownFileType = sourcecode.swift; path = "UIControl+extension.swift"; sourceTree = "<group>"; };
		17F79F672E267BCE00A72E19 /* String+extension.swift */ = {isa = PBXFileReference; lastKnownFileType = sourcecode.swift; path = "String+extension.swift"; sourceTree = "<group>"; };
/* End PBXFileReference section */

/* Begin PBXFrameworksBuildPhase section */
		17B7ABFD2E23B38A009F1F25 /* Frameworks */ = {
			isa = PBXFrameworksBuildPhase;
			buildActionMask = 2147483647;
			files = (
				17B7AC2E2E23BE2E009F1F25 /* Kingfisher in Frameworks */,
			);
			runOnlyForDeploymentPostprocessing = 0;
		};
/* End PBXFrameworksBuildPhase section */

/* Begin PBXGroup section */
		17B7ABF72E23B38A009F1F25 = {
			isa = PBXGroup;
			children = (
				17B7AC022E23B38A009F1F25 /* TravelProject */,
				17B7AC012E23B38A009F1F25 /* Products */,
			);
			sourceTree = "<group>";
		};
		17B7AC012E23B38A009F1F25 /* Products */ = {
			isa = PBXGroup;
			children = (
				17B7AC002E23B38A009F1F25 /* TravelProject.app */,
			);
			name = Products;
			sourceTree = "<group>";
		};
		17B7AC022E23B38A009F1F25 /* TravelProject */ = {
			isa = PBXGroup;
			children = (
				17B7AC1F2E23B537009F1F25 /* Util */,
				17B7AC1B2E23B495009F1F25 /* View */,
				17B7AC1A2E23B493009F1F25 /* Model */,
				17B7AC192E23B398009F1F25 /* App */,
				17B7AC182E23B394009F1F25 /* Resources */,
				17B7AC112E23B38B009F1F25 /* Info.plist */,
			);
			path = TravelProject;
			sourceTree = "<group>";
		};
		17B7AC182E23B394009F1F25 /* Resources */ = {
			isa = PBXGroup;
			children = (
				17BBA2E32E2411070062A41C /* AddPurcasedCell.xib */,
				17BBA2E12E2410F70062A41C /* ShoppingListCell.xib */,
				17B7AC092E23B38A009F1F25 /* Main.storyboard */,
				17B7AC0C2E23B38B009F1F25 /* Assets.xcassets */,
				17B7AC0E2E23B38B009F1F25 /* LaunchScreen.storyboard */,
				17B7AC242E23B9AE009F1F25 /* MagazineCell.xib */,
				17B7AC312E23C293009F1F25 /* TravelCell.xib */,
				17BBA2D72E23F16B0062A41C /* AdCell.xib */,
				17F79F5D2E263B9500A72E19 /* CitySearchHeaderView.xib */,
				17F79F5F2E263E9800A72E19 /* CityCell.xib */,
			);
			path = Resources;
			sourceTree = "<group>";
		};
		17B7AC192E23B398009F1F25 /* App */ = {
			isa = PBXGroup;
			children = (
				17B7AC032E23B38A009F1F25 /* AppDelegate.swift */,
				17B7AC052E23B38A009F1F25 /* SceneDelegate.swift */,
			);
			path = App;
			sourceTree = "<group>";
		};
		17B7AC1A2E23B493009F1F25 /* Model */ = {
			isa = PBXGroup;
			children = (
				17B7AC1D2E23B4BA009F1F25 /* MagazinInfo.swift */,
				17B7AC2F2E23C172009F1F25 /* TravelInfo.swift */,
				17F79F4B2E262B8B00A72E19 /* CityInfo.swift */,
			);
			path = Model;
			sourceTree = "<group>";
		};
		17B7AC1B2E23B495009F1F25 /* View */ = {
			isa = PBXGroup;
			children = (
				17F79F552E2636B700A72E19 /* TravelCitySearch */,
				17BBA2E62E2411290062A41C /* Shopping */,
				17BBA2DC2E2406010062A41C /* 369 */,
				17B7AC332E23C568009F1F25 /* Travel */,
				17B7AC1C2E23B49F009F1F25 /* Magazin */,
			);
			path = View;
			sourceTree = "<group>";
		};
		17B7AC1C2E23B49F009F1F25 /* Magazin */ = {
			isa = PBXGroup;
			children = (
				17B7AC072E23B38A009F1F25 /* MagazineViewController.swift */,
				17B7AC282E23BB6D009F1F25 /* MagazineCell.swift */,
			);
			path = Magazin;
			sourceTree = "<group>";
		};
		17B7AC1F2E23B537009F1F25 /* Util */ = {
			isa = PBXGroup;
			children = (
				17BBA2ED2E2412570062A41C /* ImageGen.swift */,
				17B7AC2A2E23BB8C009F1F25 /* CellIdentifialble.swift */,
				17B7AC202E23B53D009F1F25 /* DateFommater.swift */,
				17BBA2DF2E240D3F0062A41C /* DigitFormatter.swift */,
			);
			path = Util;
			sourceTree = "<group>";
		};
		17B7AC332E23C568009F1F25 /* Travel */ = {
			isa = PBXGroup;
			children = (
				17B7AC342E23C573009F1F25 /* StarView.swift */,
				17B7AC3A2E23D935009F1F25 /* RatingView.swift */,
				17B7AC362E23C6B8009F1F25 /* TravelViewController.swift */,
				17B7AC382E23C7E6009F1F25 /* TravelCell.swift */,
				17BBA2D92E23F2270062A41C /* AdCell.swift */,
				17F79F4D2E262FF800A72E19 /* TouristAttractionViewController.swift */,
				17F79F4F2E2632D000A72E19 /* AdViewController.swift */,
			);
			path = Travel;
			sourceTree = "<group>";
		};
		17BBA2DC2E2406010062A41C /* 369 */ = {
			isa = PBXGroup;
			children = (
				17BBA2DD2E24060A0062A41C /* ThreeSixNineViewController.swift */,
			);
			path = 369;
			sourceTree = "<group>";
		};
		17BBA2E62E2411290062A41C /* Shopping */ = {
			isa = PBXGroup;
			children = (
				17BBA2EB2E24113C0062A41C /* ShoppingListCell.swift */,
				17BBA2E92E2411370062A41C /* AddPurchasedCell.swift */,
				17BBA2E72E24112A0062A41C /* ShoppingViewController.swift */,
			);
			path = Shopping;
			sourceTree = "<group>";
		};
		17F79F552E2636B700A72E19 /* TravelCitySearch */ = {
			isa = PBXGroup;
			children = (
				17F79F542E2636B700A72E19 /* TravelCitySearchViewController.swift */,
				17F79F652E26728B00A72E19 /* UIControl+extension.swift */,
				17F79F672E267BCE00A72E19 /* String+extension.swift */,
				17F79F572E2637D900A72E19 /* CitySearchHeaderView.swift */,
				17F79F612E26404600A72E19 /* CityCell.swift */,
				17F79F632E2656B200A72E19 /* CALayer+extension.swift */,
				17F79F592E2637E200A72E19 /* SearchField.swift */,
			);
			path = TravelCitySearch;
			sourceTree = "<group>";
		};
/* End PBXGroup section */

/* Begin PBXNativeTarget section */
		17B7ABFF2E23B38A009F1F25 /* TravelProject */ = {
			isa = PBXNativeTarget;
			buildConfigurationList = 17B7AC142E23B38B009F1F25 /* Build configuration list for PBXNativeTarget "TravelProject" */;
			buildPhases = (
				17B7ABFC2E23B38A009F1F25 /* Sources */,
				17B7ABFD2E23B38A009F1F25 /* Frameworks */,
				17B7ABFE2E23B38A009F1F25 /* Resources */,
			);
			buildRules = (
			);
			dependencies = (
			);
			name = TravelProject;
			packageProductDependencies = (
				17B7AC2D2E23BE2E009F1F25 /* Kingfisher */,
			);
			productName = TravelProject;
			productReference = 17B7AC002E23B38A009F1F25 /* TravelProject.app */;
			productType = "com.apple.product-type.application";
		};
/* End PBXNativeTarget section */

/* Begin PBXProject section */
		17B7ABF82E23B38A009F1F25 /* Project object */ = {
			isa = PBXProject;
			attributes = {
				BuildIndependentTargetsInParallel = 1;
				LastSwiftUpdateCheck = 1540;
				LastUpgradeCheck = 1540;
				TargetAttributes = {
					17B7ABFF2E23B38A009F1F25 = {
						CreatedOnToolsVersion = 15.4;
					};
				};
			};
			buildConfigurationList = 17B7ABFB2E23B38A009F1F25 /* Build configuration list for PBXProject "TravelProject" */;
			compatibilityVersion = "Xcode 14.0";
			developmentRegion = en;
			hasScannedForEncodings = 0;
			knownRegions = (
				en,
				Base,
			);
			mainGroup = 17B7ABF72E23B38A009F1F25;
			packageReferences = (
				17B7AC2C2E23BE2E009F1F25 /* XCRemoteSwiftPackageReference "Kingfisher" */,
			);
			productRefGroup = 17B7AC012E23B38A009F1F25 /* Products */;
			projectDirPath = "";
			projectRoot = "";
			targets = (
				17B7ABFF2E23B38A009F1F25 /* TravelProject */,
			);
		};
/* End PBXProject section */

/* Begin PBXResourcesBuildPhase section */
		17B7ABFE2E23B38A009F1F25 /* Resources */ = {
			isa = PBXResourcesBuildPhase;
			buildActionMask = 2147483647;
			files = (
				17BBA2D82E23F16B0062A41C /* AdCell.xib in Resources */,
				17B7AC322E23C293009F1F25 /* TravelCell.xib in Resources */,
				17B7AC0D2E23B38B009F1F25 /* Assets.xcassets in Resources */,
				17BBA2E22E2410F70062A41C /* ShoppingListCell.xib in Resources */,
				17BBA2E42E2411070062A41C /* AddPurcasedCell.xib in Resources */,
				17B7AC252E23B9AE009F1F25 /* MagazineCell.xib in Resources */,
				17F79F602E263E9800A72E19 /* CityCell.xib in Resources */,
				17F79F5E2E263B9500A72E19 /* CitySearchHeaderView.xib in Resources */,
				17B7AC102E23B38B009F1F25 /* Base in Resources */,
				17B7AC0B2E23B38A009F1F25 /* Base in Resources */,
			);
			runOnlyForDeploymentPostprocessing = 0;
		};
/* End PBXResourcesBuildPhase section */

/* Begin PBXSourcesBuildPhase section */
		17B7ABFC2E23B38A009F1F25 /* Sources */ = {
			isa = PBXSourcesBuildPhase;
			buildActionMask = 2147483647;
			files = (
				17B7AC352E23C573009F1F25 /* StarView.swift in Sources */,
				17BBA2DE2E24060A0062A41C /* ThreeSixNineViewController.swift in Sources */,
				17B7AC392E23C7E6009F1F25 /* TravelCell.swift in Sources */,
				17BBA2E02E240D3F0062A41C /* DigitFormatter.swift in Sources */,
				17B7AC082E23B38A009F1F25 /* MagazineViewController.swift in Sources */,
				17F79F502E2632D000A72E19 /* AdViewController.swift in Sources */,
				17F79F5A2E2637E200A72E19 /* SearchField.swift in Sources */,
				17F79F662E26728B00A72E19 /* UIControl+extension.swift in Sources */,
				17F79F4C2E262B8B00A72E19 /* CityInfo.swift in Sources */,
				17F79F582E2637D900A72E19 /* CitySearchHeaderView.swift in Sources */,
				17F79F682E267BCE00A72E19 /* String+extension.swift in Sources */,
				17B7AC3B2E23D935009F1F25 /* RatingView.swift in Sources */,
				17BBA2EA2E2411370062A41C /* AddPurchasedCell.swift in Sources */,
				17F79F642E2656B200A72E19 /* CALayer+extension.swift in Sources */,
				17B7AC042E23B38A009F1F25 /* AppDelegate.swift in Sources */,
				17B7AC212E23B53D009F1F25 /* DateFommater.swift in Sources */,
				17BBA2EC2E24113C0062A41C /* ShoppingListCell.swift in Sources */,
				17B7AC372E23C6B8009F1F25 /* TravelViewController.swift in Sources */,
				17F79F4E2E262FF800A72E19 /* TouristAttractionViewController.swift in Sources */,
				17F79F622E26404600A72E19 /* CityCell.swift in Sources */,
				17BBA2DA2E23F2270062A41C /* AdCell.swift in Sources */,
				17B7AC062E23B38A009F1F25 /* SceneDelegate.swift in Sources */,
				17B7AC2B2E23BB8C009F1F25 /* CellIdentifialble.swift in Sources */,
				17BBA2EE2E2412570062A41C /* ImageGen.swift in Sources */,
				17B7AC302E23C172009F1F25 /* TravelInfo.swift in Sources */,
				17B7AC1E2E23B4BA009F1F25 /* MagazinInfo.swift in Sources */,
				17F79F562E2636B700A72E19 /* TravelCitySearchViewController.swift in Sources */,
				17BBA2E82E24112A0062A41C /* ShoppingViewController.swift in Sources */,
				17B7AC292E23BB6D009F1F25 /* MagazineCell.swift in Sources */,
			);
			runOnlyForDeploymentPostprocessing = 0;
		};
/* End PBXSourcesBuildPhase section */

/* Begin PBXVariantGroup section */
		17B7AC092E23B38A009F1F25 /* Main.storyboard */ = {
			isa = PBXVariantGroup;
			children = (
				17B7AC0A2E23B38A009F1F25 /* Base */,
			);
			name = Main.storyboard;
			sourceTree = "<group>";
		};
		17B7AC0E2E23B38B009F1F25 /* LaunchScreen.storyboard */ = {
			isa = PBXVariantGroup;
			children = (
				17B7AC0F2E23B38B009F1F25 /* Base */,
			);
			name = LaunchScreen.storyboard;
			sourceTree = "<group>";
		};
/* End PBXVariantGroup section */

/* Begin XCBuildConfiguration section */
		17B7AC122E23B38B009F1F25 /* Debug */ = {
			isa = XCBuildConfiguration;
			buildSettings = {
				ALWAYS_SEARCH_USER_PATHS = NO;
				ASSETCATALOG_COMPILER_GENERATE_SWIFT_ASSET_SYMBOL_EXTENSIONS = YES;
				CLANG_ANALYZER_NONNULL = YES;
				CLANG_ANALYZER_NUMBER_OBJECT_CONVERSION = YES_AGGRESSIVE;
				CLANG_CXX_LANGUAGE_STANDARD = "gnu++20";
				CLANG_ENABLE_MODULES = YES;
				CLANG_ENABLE_OBJC_ARC = YES;
				CLANG_ENABLE_OBJC_WEAK = YES;
				CLANG_WARN_BLOCK_CAPTURE_AUTORELEASING = YES;
				CLANG_WARN_BOOL_CONVERSION = YES;
				CLANG_WARN_COMMA = YES;
				CLANG_WARN_CONSTANT_CONVERSION = YES;
				CLANG_WARN_DEPRECATED_OBJC_IMPLEMENTATIONS = YES;
				CLANG_WARN_DIRECT_OBJC_ISA_USAGE = YES_ERROR;
				CLANG_WARN_DOCUMENTATION_COMMENTS = YES;
				CLANG_WARN_EMPTY_BODY = YES;
				CLANG_WARN_ENUM_CONVERSION = YES;
				CLANG_WARN_INFINITE_RECURSION = YES;
				CLANG_WARN_INT_CONVERSION = YES;
				CLANG_WARN_NON_LITERAL_NULL_CONVERSION = YES;
				CLANG_WARN_OBJC_IMPLICIT_RETAIN_SELF = YES;
				CLANG_WARN_OBJC_LITERAL_CONVERSION = YES;
				CLANG_WARN_OBJC_ROOT_CLASS = YES_ERROR;
				CLANG_WARN_QUOTED_INCLUDE_IN_FRAMEWORK_HEADER = YES;
				CLANG_WARN_RANGE_LOOP_ANALYSIS = YES;
				CLANG_WARN_STRICT_PROTOTYPES = YES;
				CLANG_WARN_SUSPICIOUS_MOVE = YES;
				CLANG_WARN_UNGUARDED_AVAILABILITY = YES_AGGRESSIVE;
				CLANG_WARN_UNREACHABLE_CODE = YES;
				CLANG_WARN__DUPLICATE_METHOD_MATCH = YES;
				COPY_PHASE_STRIP = NO;
				DEBUG_INFORMATION_FORMAT = dwarf;
				ENABLE_STRICT_OBJC_MSGSEND = YES;
				ENABLE_TESTABILITY = YES;
				ENABLE_USER_SCRIPT_SANDBOXING = YES;
				GCC_C_LANGUAGE_STANDARD = gnu17;
				GCC_DYNAMIC_NO_PIC = NO;
				GCC_NO_COMMON_BLOCKS = YES;
				GCC_OPTIMIZATION_LEVEL = 0;
				GCC_PREPROCESSOR_DEFINITIONS = (
					"DEBUG=1",
					"$(inherited)",
				);
				GCC_WARN_64_TO_32_BIT_CONVERSION = YES;
				GCC_WARN_ABOUT_RETURN_TYPE = YES_ERROR;
				GCC_WARN_UNDECLARED_SELECTOR = YES;
				GCC_WARN_UNINITIALIZED_AUTOS = YES_AGGRESSIVE;
				GCC_WARN_UNUSED_FUNCTION = YES;
				GCC_WARN_UNUSED_VARIABLE = YES;
				IPHONEOS_DEPLOYMENT_TARGET = 17.5;
				LOCALIZATION_PREFERS_STRING_CATALOGS = YES;
				MTL_ENABLE_DEBUG_INFO = INCLUDE_SOURCE;
				MTL_FAST_MATH = YES;
				ONLY_ACTIVE_ARCH = YES;
				SDKROOT = iphoneos;
				SWIFT_ACTIVE_COMPILATION_CONDITIONS = "DEBUG $(inherited)";
				SWIFT_OPTIMIZATION_LEVEL = "-Onone";
			};
			name = Debug;
		};
		17B7AC132E23B38B009F1F25 /* Release */ = {
			isa = XCBuildConfiguration;
			buildSettings = {
				ALWAYS_SEARCH_USER_PATHS = NO;
				ASSETCATALOG_COMPILER_GENERATE_SWIFT_ASSET_SYMBOL_EXTENSIONS = YES;
				CLANG_ANALYZER_NONNULL = YES;
				CLANG_ANALYZER_NUMBER_OBJECT_CONVERSION = YES_AGGRESSIVE;
				CLANG_CXX_LANGUAGE_STANDARD = "gnu++20";
				CLANG_ENABLE_MODULES = YES;
				CLANG_ENABLE_OBJC_ARC = YES;
				CLANG_ENABLE_OBJC_WEAK = YES;
				CLANG_WARN_BLOCK_CAPTURE_AUTORELEASING = YES;
				CLANG_WARN_BOOL_CONVERSION = YES;
				CLANG_WARN_COMMA = YES;
				CLANG_WARN_CONSTANT_CONVERSION = YES;
				CLANG_WARN_DEPRECATED_OBJC_IMPLEMENTATIONS = YES;
				CLANG_WARN_DIRECT_OBJC_ISA_USAGE = YES_ERROR;
				CLANG_WARN_DOCUMENTATION_COMMENTS = YES;
				CLANG_WARN_EMPTY_BODY = YES;
				CLANG_WARN_ENUM_CONVERSION = YES;
				CLANG_WARN_INFINITE_RECURSION = YES;
				CLANG_WARN_INT_CONVERSION = YES;
				CLANG_WARN_NON_LITERAL_NULL_CONVERSION = YES;
				CLANG_WARN_OBJC_IMPLICIT_RETAIN_SELF = YES;
				CLANG_WARN_OBJC_LITERAL_CONVERSION = YES;
				CLANG_WARN_OBJC_ROOT_CLASS = YES_ERROR;
				CLANG_WARN_QUOTED_INCLUDE_IN_FRAMEWORK_HEADER = YES;
				CLANG_WARN_RANGE_LOOP_ANALYSIS = YES;
				CLANG_WARN_STRICT_PROTOTYPES = YES;
				CLANG_WARN_SUSPICIOUS_MOVE = YES;
				CLANG_WARN_UNGUARDED_AVAILABILITY = YES_AGGRESSIVE;
				CLANG_WARN_UNREACHABLE_CODE = YES;
				CLANG_WARN__DUPLICATE_METHOD_MATCH = YES;
				COPY_PHASE_STRIP = NO;
				DEBUG_INFORMATION_FORMAT = "dwarf-with-dsym";
				ENABLE_NS_ASSERTIONS = NO;
				ENABLE_STRICT_OBJC_MSGSEND = YES;
				ENABLE_USER_SCRIPT_SANDBOXING = YES;
				GCC_C_LANGUAGE_STANDARD = gnu17;
				GCC_NO_COMMON_BLOCKS = YES;
				GCC_WARN_64_TO_32_BIT_CONVERSION = YES;
				GCC_WARN_ABOUT_RETURN_TYPE = YES_ERROR;
				GCC_WARN_UNDECLARED_SELECTOR = YES;
				GCC_WARN_UNINITIALIZED_AUTOS = YES_AGGRESSIVE;
				GCC_WARN_UNUSED_FUNCTION = YES;
				GCC_WARN_UNUSED_VARIABLE = YES;
				IPHONEOS_DEPLOYMENT_TARGET = 17.5;
				LOCALIZATION_PREFERS_STRING_CATALOGS = YES;
				MTL_ENABLE_DEBUG_INFO = NO;
				MTL_FAST_MATH = YES;
				SDKROOT = iphoneos;
				SWIFT_COMPILATION_MODE = wholemodule;
				VALIDATE_PRODUCT = YES;
			};
			name = Release;
		};
		17B7AC152E23B38B009F1F25 /* Debug */ = {
			isa = XCBuildConfiguration;
			buildSettings = {
				ASSETCATALOG_COMPILER_APPICON_NAME = AppIcon;
				ASSETCATALOG_COMPILER_GLOBAL_ACCENT_COLOR_NAME = AccentColor;
				CODE_SIGN_STYLE = Automatic;
				CURRENT_PROJECT_VERSION = 1;
				DEVELOPMENT_TEAM = 2JZ8QNS5D4;
				EXCLUDED_ARCHS = "";
				GENERATE_INFOPLIST_FILE = YES;
				INFOPLIST_FILE = TravelProject/Info.plist;
				INFOPLIST_KEY_UIApplicationSupportsIndirectInputEvents = YES;
				INFOPLIST_KEY_UILaunchStoryboardName = LaunchScreen;
				INFOPLIST_KEY_UIMainStoryboardFile = Main;
				INFOPLIST_KEY_UISupportedInterfaceOrientations_iPad = "UIInterfaceOrientationPortrait UIInterfaceOrientationPortraitUpsideDown UIInterfaceOrientationLandscapeLeft UIInterfaceOrientationLandscapeRight";
				INFOPLIST_KEY_UISupportedInterfaceOrientations_iPhone = "UIInterfaceOrientationPortrait UIInterfaceOrientationLandscapeLeft UIInterfaceOrientationLandscapeRight";
				LD_RUNPATH_SEARCH_PATHS = (
					"$(inherited)",
					"@executable_path/Frameworks",
				);
				MARKETING_VERSION = 1.0;
				PRODUCT_BUNDLE_IDENTIFIER = com.hyeonghwan.TravelProject;
				PRODUCT_NAME = "$(TARGET_NAME)";
				SWIFT_EMIT_LOC_STRINGS = YES;
				SWIFT_VERSION = 5.0;
				TARGETED_DEVICE_FAMILY = "1,2";
			};
			name = Debug;
		};
		17B7AC162E23B38B009F1F25 /* Release */ = {
			isa = XCBuildConfiguration;
			buildSettings = {
				ASSETCATALOG_COMPILER_APPICON_NAME = AppIcon;
				ASSETCATALOG_COMPILER_GLOBAL_ACCENT_COLOR_NAME = AccentColor;
				CODE_SIGN_STYLE = Automatic;
				CURRENT_PROJECT_VERSION = 1;
				DEVELOPMENT_TEAM = 2JZ8QNS5D4;
				GENERATE_INFOPLIST_FILE = YES;
				INFOPLIST_FILE = TravelProject/Info.plist;
				INFOPLIST_KEY_UIApplicationSupportsIndirectInputEvents = YES;
				INFOPLIST_KEY_UILaunchStoryboardName = LaunchScreen;
				INFOPLIST_KEY_UIMainStoryboardFile = Main;
				INFOPLIST_KEY_UISupportedInterfaceOrientations_iPad = "UIInterfaceOrientationPortrait UIInterfaceOrientationPortraitUpsideDown UIInterfaceOrientationLandscapeLeft UIInterfaceOrientationLandscapeRight";
				INFOPLIST_KEY_UISupportedInterfaceOrientations_iPhone = "UIInterfaceOrientationPortrait UIInterfaceOrientationLandscapeLeft UIInterfaceOrientationLandscapeRight";
				LD_RUNPATH_SEARCH_PATHS = (
					"$(inherited)",
					"@executable_path/Frameworks",
				);
				MARKETING_VERSION = 1.0;
				PRODUCT_BUNDLE_IDENTIFIER = com.hyeonghwan.TravelProject;
				PRODUCT_NAME = "$(TARGET_NAME)";
				SWIFT_EMIT_LOC_STRINGS = YES;
				SWIFT_VERSION = 5.0;
				TARGETED_DEVICE_FAMILY = "1,2";
			};
			name = Release;
		};
/* End XCBuildConfiguration section */

/* Begin XCConfigurationList section */
		17B7ABFB2E23B38A009F1F25 /* Build configuration list for PBXProject "TravelProject" */ = {
			isa = XCConfigurationList;
			buildConfigurations = (
				17B7AC122E23B38B009F1F25 /* Debug */,
				17B7AC132E23B38B009F1F25 /* Release */,
			);
			defaultConfigurationIsVisible = 0;
			defaultConfigurationName = Release;
		};
		17B7AC142E23B38B009F1F25 /* Build configuration list for PBXNativeTarget "TravelProject" */ = {
			isa = XCConfigurationList;
			buildConfigurations = (
				17B7AC152E23B38B009F1F25 /* Debug */,
				17B7AC162E23B38B009F1F25 /* Release */,
			);
			defaultConfigurationIsVisible = 0;
			defaultConfigurationName = Release;
		};
/* End XCConfigurationList section */

/* Begin XCRemoteSwiftPackageReference section */
		17B7AC2C2E23BE2E009F1F25 /* XCRemoteSwiftPackageReference "Kingfisher" */ = {
			isa = XCRemoteSwiftPackageReference;
			repositoryURL = "https://github.com/onevcat/Kingfisher";
			requirement = {
				kind = upToNextMajorVersion;
				minimumVersion = 8.4.0;
			};
		};
/* End XCRemoteSwiftPackageReference section */

/* Begin XCSwiftPackageProductDependency section */
		17B7AC2D2E23BE2E009F1F25 /* Kingfisher */ = {
			isa = XCSwiftPackageProductDependency;
			package = 17B7AC2C2E23BE2E009F1F25 /* XCRemoteSwiftPackageReference "Kingfisher" */;
			productName = Kingfisher;
		};
/* End XCSwiftPackageProductDependency section */
	};
	rootObject = 17B7ABF82E23B38A009F1F25 /* Project object */;
}
